
Microsoft Visual Studio Solution File, Format Version 12.00
# Visual Studio 14
VisualStudioVersion = 14.0.24720.0
MinimumVisualStudioVersion = 10.0.40219.1
Project("{F184B08F-C81C-45F6-A57F-5ABD9991F28F}") = "Coin Toss", "Coin Toss\Coin Toss.vbproj", "{78589F32-EEA9-47D3-B079-0D85EDB43C7C}"
EndProject
Global
	GlobalSection(SolutionConfigurationPlatforms) = preSolution
		Debug|Any CPU = Debug|Any CPU
		Release|Any CPU = Release|Any CPU
	EndGlobalSection
	GlobalSection(ProjectConfigurationPlatforms) = postSolution
		{78589F32-EEA9-47D3-B079-0D85EDB43C7C}.Debug|Any CPU.ActiveCfg = Debug|Any CPU
		{78589F32-EEA9-47D3-B079-0D85EDB43C7C}.Debug|Any CPU.Build.0 = Debug|Any CPU
		{78589F32-EEA9-47D3-B079-0D85EDB43C7C}.Release|Any CPU.ActiveCfg = Release|Any CPU
		{78589F32-EEA9-47D3-B079-0D85EDB43C7C}.Release|Any CPU.Build.0 = Release|Any CPU
	EndGlobalSection
	GlobalSection(SolutionProperties) = preSolution
		HideSolutionNode = FALSE
	EndGlobalSection
EndGlobal
